
Microsoft Visual Studio Solution File, Format Version 12.00
# Visual Studio Version 17
VisualStudioVersion = 17.11.35208.52
MinimumVisualStudioVersion = 10.0.40219.1
Project("{FAE04EC0-301F-11D3-BF4B-00C04F79EFBC}") = "Calculator", "Calculator\Calculator.csproj", "{4952F30C-B7B8-43E8-BD0A-664204A57DA9}"
EndProject
Global
	GlobalSection(SolutionConfigurationPlatforms) = preSolution
		Debug|Any CPU = Debug|Any CPU
		Release|Any CPU = Release|Any CPU
	EndGlobalSection
	GlobalSection(ProjectConfigurationPlatforms) = postSolution
		{4952F30C-B7B8-43E8-BD0A-664204A57DA9}.Debug|Any CPU.ActiveCfg = Debug|Any CPU
		{4952F30C-B7B8-43E8-BD0A-664204A57DA9}.Debug|Any CPU.Build.0 = Debug|Any CPU
		{4952F30C-B7B8-43E8-BD0A-664204A57DA9}.Release|Any CPU.ActiveCfg = Release|Any CPU
		{4952F30C-B7B8-43E8-BD0A-664204A57DA9}.Release|Any CPU.Build.0 = Release|Any CPU
	EndGlobalSection
	GlobalSection(SolutionProperties) = preSolution
		HideSolutionNode = FALSE
	EndGlobalSection
	GlobalSection(ExtensibilityGlobals) = postSolution
		SolutionGuid = {7C263E7D-D299-4C5E-8759-88F0B8FB9C34}
	EndGlobalSection
EndGlobal
